// !$*UTF8*$!
{
	archiveVersion = 1;
	classes = {
	};
	objectVersion = 56;
	objects = {

/* Begin PBXBuildFile section */
		1D8FF9232CEE69A20072DB3D /* ArcGIS in Frameworks */ = {isa = PBXBuildFile; productRef = 1D8FF9222CEE69A20072DB3D /* ArcGIS */; };
		1D8FF9252CEE7FF40072DB3D /* NetworkHandler.swift in Sources */ = {isa = PBXBuildFile; fileRef = 1D8FF9242CEE7FF40072DB3D /* NetworkHandler.swift */; };
		1D908F612CDEBAA1005BC3CA /* MainApp.swift in Sources */ = {isa = PBXBuildFile; fileRef = 1D908F602CDEBAA1005BC3CA /* MainApp.swift */; };
		1D908F652CDEBAA2005BC3CA /* Assets.xcassets in Resources */ = {isa = PBXBuildFile; fileRef = 1D908F642CDEBAA2005BC3CA /* Assets.xcassets */; };
		1D908F682CDEBAA2005BC3CA /* Preview Assets.xcassets in Resources */ = {isa = PBXBuildFile; fileRef = 1D908F672CDEBAA2005BC3CA /* Preview Assets.xcassets */; };
		1D908F722CDEBAA2005BC3CA /* LobsterLandTests.swift in Sources */ = {isa = PBXBuildFile; fileRef = 1D908F712CDEBAA2005BC3CA /* LobsterLandTests.swift */; };
		1D908F7C2CDEBAA2005BC3CA /* LobsterLandUITests.swift in Sources */ = {isa = PBXBuildFile; fileRef = 1D908F7B2CDEBAA2005BC3CA /* LobsterLandUITests.swift */; };
		1D908F7E2CDEBAA2005BC3CA /* LobsterLandUITestsLaunchTests.swift in Sources */ = {isa = PBXBuildFile; fileRef = 1D908F7D2CDEBAA2005BC3CA /* LobsterLandUITestsLaunchTests.swift */; };
		1D908F8F2CE3ABB9005BC3CA /* ExploreMaineView.swift in Sources */ = {isa = PBXBuildFile; fileRef = 1D908F8E2CE3ABB9005BC3CA /* ExploreMaineView.swift */; };
		1D908F9A2CEAAEF8005BC3CA /* ExplorerRowView.swift in Sources */ = {isa = PBXBuildFile; fileRef = 1D908F992CEAAEF8005BC3CA /* ExplorerRowView.swift */; };
		1D908F9E2CEC1697005BC3CA /* Justify.swift in Sources */ = {isa = PBXBuildFile; fileRef = 1D908F9D2CEC1697005BC3CA /* Justify.swift */; };
		1D908FA22CEC19F6005BC3CA /* ExploreMaineViewModel.swift in Sources */ = {isa = PBXBuildFile; fileRef = 1D908FA12CEC19F6005BC3CA /* ExploreMaineViewModel.swift */; };
		1D908FA42CEC1A2D005BC3CA /* ExplorerRowViewModel.swift in Sources */ = {isa = PBXBuildFile; fileRef = 1D908FA32CEC1A2D005BC3CA /* ExplorerRowViewModel.swift */; };
		1D908FA72CEC2045005BC3CA /* MaineExplorerRowViewModel.swift in Sources */ = {isa = PBXBuildFile; fileRef = 1D908FA62CEC2045005BC3CA /* MaineExplorerRowViewModel.swift */; };
		1D908FA92CEC231F005BC3CA /* ExplorerViewModelable.swift in Sources */ = {isa = PBXBuildFile; fileRef = 1D908FA82CEC231F005BC3CA /* ExplorerViewModelable.swift */; };
		1D908FAB2CEC4FDB005BC3CA /* MapStorageService.swift in Sources */ = {isa = PBXBuildFile; fileRef = 1D908FAA2CEC4FDB005BC3CA /* MapStorageService.swift */; };
		1D908FAD2CED1166005BC3CA /* ExplorerMapView.swift in Sources */ = {isa = PBXBuildFile; fileRef = 1D908FAC2CED1166005BC3CA /* ExplorerMapView.swift */; };
/* End PBXBuildFile section */

/* Begin PBXContainerItemProxy section */
		1D908F6E2CDEBAA2005BC3CA /* PBXContainerItemProxy */ = {
			isa = PBXContainerItemProxy;
			containerPortal = 1D908F552CDEBAA1005BC3CA /* Project object */;
			proxyType = 1;
			remoteGlobalIDString = 1D908F5C2CDEBAA1005BC3CA;
			remoteInfo = LobsterLand;
		};
		1D908F782CDEBAA2005BC3CA /* PBXContainerItemProxy */ = {
			isa = PBXContainerItemProxy;
			containerPortal = 1D908F552CDEBAA1005BC3CA /* Project object */;
			proxyType = 1;
			remoteGlobalIDString = 1D908F5C2CDEBAA1005BC3CA;
			remoteInfo = LobsterLand;
		};
/* End PBXContainerItemProxy section */

/* Begin PBXFileReference section */
		1D8FF9242CEE7FF40072DB3D /* NetworkHandler.swift */ = {isa = PBXFileReference; lastKnownFileType = sourcecode.swift; path = NetworkHandler.swift; sourceTree = "<group>"; };
		1D908F5D2CDEBAA1005BC3CA /* LobsterLand.app */ = {isa = PBXFileReference; explicitFileType = wrapper.application; includeInIndex = 0; path = LobsterLand.app; sourceTree = BUILT_PRODUCTS_DIR; };
		1D908F602CDEBAA1005BC3CA /* MainApp.swift */ = {isa = PBXFileReference; lastKnownFileType = sourcecode.swift; path = MainApp.swift; sourceTree = "<group>"; };
		1D908F642CDEBAA2005BC3CA /* Assets.xcassets */ = {isa = PBXFileReference; lastKnownFileType = folder.assetcatalog; path = Assets.xcassets; sourceTree = "<group>"; };
		1D908F672CDEBAA2005BC3CA /* Preview Assets.xcassets */ = {isa = PBXFileReference; lastKnownFileType = folder.assetcatalog; path = "Preview Assets.xcassets"; sourceTree = "<group>"; };
		1D908F6D2CDEBAA2005BC3CA /* LobsterLandTests.xctest */ = {isa = PBXFileReference; explicitFileType = wrapper.cfbundle; includeInIndex = 0; path = LobsterLandTests.xctest; sourceTree = BUILT_PRODUCTS_DIR; };
		1D908F712CDEBAA2005BC3CA /* LobsterLandTests.swift */ = {isa = PBXFileReference; lastKnownFileType = sourcecode.swift; path = LobsterLandTests.swift; sourceTree = "<group>"; };
		1D908F772CDEBAA2005BC3CA /* LobsterLandUITests.xctest */ = {isa = PBXFileReference; explicitFileType = wrapper.cfbundle; includeInIndex = 0; path = LobsterLandUITests.xctest; sourceTree = BUILT_PRODUCTS_DIR; };
		1D908F7B2CDEBAA2005BC3CA /* LobsterLandUITests.swift */ = {isa = PBXFileReference; lastKnownFileType = sourcecode.swift; path = LobsterLandUITests.swift; sourceTree = "<group>"; };
		1D908F7D2CDEBAA2005BC3CA /* LobsterLandUITestsLaunchTests.swift */ = {isa = PBXFileReference; lastKnownFileType = sourcecode.swift; path = LobsterLandUITestsLaunchTests.swift; sourceTree = "<group>"; };
		1D908F8E2CE3ABB9005BC3CA /* ExploreMaineView.swift */ = {isa = PBXFileReference; lastKnownFileType = sourcecode.swift; path = ExploreMaineView.swift; sourceTree = "<group>"; };
		1D908F992CEAAEF8005BC3CA /* ExplorerRowView.swift */ = {isa = PBXFileReference; lastKnownFileType = sourcecode.swift; path = ExplorerRowView.swift; sourceTree = "<group>"; };
		1D908F9D2CEC1697005BC3CA /* Justify.swift */ = {isa = PBXFileReference; lastKnownFileType = sourcecode.swift; path = Justify.swift; sourceTree = "<group>"; };
		1D908FA12CEC19F6005BC3CA /* ExploreMaineViewModel.swift */ = {isa = PBXFileReference; lastKnownFileType = sourcecode.swift; path = ExploreMaineViewModel.swift; sourceTree = "<group>"; };
		1D908FA32CEC1A2D005BC3CA /* ExplorerRowViewModel.swift */ = {isa = PBXFileReference; lastKnownFileType = sourcecode.swift; path = ExplorerRowViewModel.swift; sourceTree = "<group>"; };
		1D908FA62CEC2045005BC3CA /* MaineExplorerRowViewModel.swift */ = {isa = PBXFileReference; lastKnownFileType = sourcecode.swift; path = MaineExplorerRowViewModel.swift; sourceTree = "<group>"; };
		1D908FA82CEC231F005BC3CA /* ExplorerViewModelable.swift */ = {isa = PBXFileReference; lastKnownFileType = sourcecode.swift; path = ExplorerViewModelable.swift; sourceTree = "<group>"; };
		1D908FAA2CEC4FDB005BC3CA /* MapStorageService.swift */ = {isa = PBXFileReference; lastKnownFileType = sourcecode.swift; path = MapStorageService.swift; sourceTree = "<group>"; };
		1D908FAC2CED1166005BC3CA /* ExplorerMapView.swift */ = {isa = PBXFileReference; lastKnownFileType = sourcecode.swift; path = ExplorerMapView.swift; sourceTree = "<group>"; };
/* End PBXFileReference section */

/* Begin PBXFrameworksBuildPhase section */
		1D908F5A2CDEBAA1005BC3CA /* Frameworks */ = {
			isa = PBXFrameworksBuildPhase;
			buildActionMask = 2147483647;
			files = (
				1D8FF9232CEE69A20072DB3D /* ArcGIS in Frameworks */,
			);
			runOnlyForDeploymentPostprocessing = 0;
		};
		1D908F6A2CDEBAA2005BC3CA /* Frameworks */ = {
			isa = PBXFrameworksBuildPhase;
			buildActionMask = 2147483647;
			files = (
			);
			runOnlyForDeploymentPostprocessing = 0;
		};
		1D908F742CDEBAA2005BC3CA /* Frameworks */ = {
			isa = PBXFrameworksBuildPhase;
			buildActionMask = 2147483647;
			files = (
			);
			runOnlyForDeploymentPostprocessing = 0;
		};
/* End PBXFrameworksBuildPhase section */

/* Begin PBXGroup section */
		1D908F542CDEBAA1005BC3CA = {
			isa = PBXGroup;
			children = (
				1D908F5F2CDEBAA1005BC3CA /* LobsterLand */,
				1D908F702CDEBAA2005BC3CA /* LobsterLandTests */,
				1D908F7A2CDEBAA2005BC3CA /* LobsterLandUITests */,
				1D908F5E2CDEBAA1005BC3CA /* Products */,
			);
			sourceTree = "<group>";
		};
		1D908F5E2CDEBAA1005BC3CA /* Products */ = {
			isa = PBXGroup;
			children = (
				1D908F5D2CDEBAA1005BC3CA /* LobsterLand.app */,
				1D908F6D2CDEBAA2005BC3CA /* LobsterLandTests.xctest */,
				1D908F772CDEBAA2005BC3CA /* LobsterLandUITests.xctest */,
			);
			name = Products;
			sourceTree = "<group>";
		};
		1D908F5F2CDEBAA1005BC3CA /* LobsterLand */ = {
			isa = PBXGroup;
			children = (
				1D908F602CDEBAA1005BC3CA /* MainApp.swift */,
				1D908FAA2CEC4FDB005BC3CA /* MapStorageService.swift */,
				1D8FF9242CEE7FF40072DB3D /* NetworkHandler.swift */,
				1D908F642CDEBAA2005BC3CA /* Assets.xcassets */,
				1D908F9F2CEC19A3005BC3CA /* Explorer */,
				1D908FA52CEC1A43005BC3CA /* ViewModifiers */,
				1D908F662CDEBAA2005BC3CA /* Preview Content */,
			);
			path = LobsterLand;
			sourceTree = "<group>";
		};
		1D908F662CDEBAA2005BC3CA /* Preview Content */ = {
			isa = PBXGroup;
			children = (
				1D908F672CDEBAA2005BC3CA /* Preview Assets.xcassets */,
			);
			path = "Preview Content";
			sourceTree = "<group>";
		};
		1D908F702CDEBAA2005BC3CA /* LobsterLandTests */ = {
			isa = PBXGroup;
			children = (
				1D908F712CDEBAA2005BC3CA /* LobsterLandTests.swift */,
			);
			path = LobsterLandTests;
			sourceTree = "<group>";
		};
		1D908F7A2CDEBAA2005BC3CA /* LobsterLandUITests */ = {
			isa = PBXGroup;
			children = (
				1D908F7B2CDEBAA2005BC3CA /* LobsterLandUITests.swift */,
				1D908F7D2CDEBAA2005BC3CA /* LobsterLandUITestsLaunchTests.swift */,
			);
			path = LobsterLandUITests;
			sourceTree = "<group>";
		};
		1D908F8D2CE3ABA1005BC3CA /* ExploreMaineView */ = {
			isa = PBXGroup;
			children = (
				1D908F8E2CE3ABB9005BC3CA /* ExploreMaineView.swift */,
				1D908FA12CEC19F6005BC3CA /* ExploreMaineViewModel.swift */,
			);
			path = ExploreMaineView;
			sourceTree = "<group>";
		};
		1D908F9F2CEC19A3005BC3CA /* Explorer */ = {
			isa = PBXGroup;
			children = (
				1D908FAC2CED1166005BC3CA /* ExplorerMapView.swift */,
				1D908FA02CEC19BF005BC3CA /* ExplorerRowView */,
				1D908F8D2CE3ABA1005BC3CA /* ExploreMaineView */,
			);
			path = Explorer;
			sourceTree = "<group>";
		};
		1D908FA02CEC19BF005BC3CA /* ExplorerRowView */ = {
			isa = PBXGroup;
			children = (
				1D908F992CEAAEF8005BC3CA /* ExplorerRowView.swift */,
				1D908FA32CEC1A2D005BC3CA /* ExplorerRowViewModel.swift */,
				1D908FA62CEC2045005BC3CA /* MaineExplorerRowViewModel.swift */,
				1D908FA82CEC231F005BC3CA /* ExplorerViewModelable.swift */,
			);
			path = ExplorerRowView;
			sourceTree = "<group>";
		};
		1D908FA52CEC1A43005BC3CA /* ViewModifiers */ = {
			isa = PBXGroup;
			children = (
				1D908F9D2CEC1697005BC3CA /* Justify.swift */,
			);
			path = ViewModifiers;
			sourceTree = "<group>";
		};
/* End PBXGroup section */

/* Begin PBXNativeTarget section */
		1D908F5C2CDEBAA1005BC3CA /* LobsterLand */ = {
			isa = PBXNativeTarget;
			buildConfigurationList = 1D908F812CDEBAA2005BC3CA /* Build configuration list for PBXNativeTarget "LobsterLand" */;
			buildPhases = (
				1D908F592CDEBAA1005BC3CA /* Sources */,
				1D908F5A2CDEBAA1005BC3CA /* Frameworks */,
				1D908F5B2CDEBAA1005BC3CA /* Resources */,
			);
			buildRules = (
			);
			dependencies = (
			);
			name = LobsterLand;
			packageProductDependencies = (
				1D8FF9222CEE69A20072DB3D /* ArcGIS */,
			);
			productName = LobsterLand;
			productReference = 1D908F5D2CDEBAA1005BC3CA /* LobsterLand.app */;
			productType = "com.apple.product-type.application";
		};
		1D908F6C2CDEBAA2005BC3CA /* LobsterLandTests */ = {
			isa = PBXNativeTarget;
			buildConfigurationList = 1D908F842CDEBAA2005BC3CA /* Build configuration list for PBXNativeTarget "LobsterLandTests" */;
			buildPhases = (
				1D908F692CDEBAA2005BC3CA /* Sources */,
				1D908F6A2CDEBAA2005BC3CA /* Frameworks */,
				1D908F6B2CDEBAA2005BC3CA /* Resources */,
			);
			buildRules = (
			);
			dependencies = (
				1D908F6F2CDEBAA2005BC3CA /* PBXTargetDependency */,
			);
			name = LobsterLandTests;
			productName = LobsterLandTests;
			productReference = 1D908F6D2CDEBAA2005BC3CA /* LobsterLandTests.xctest */;
			productType = "com.apple.product-type.bundle.unit-test";
		};
		1D908F762CDEBAA2005BC3CA /* LobsterLandUITests */ = {
			isa = PBXNativeTarget;
			buildConfigurationList = 1D908F872CDEBAA2005BC3CA /* Build configuration list for PBXNativeTarget "LobsterLandUITests" */;
			buildPhases = (
				1D908F732CDEBAA2005BC3CA /* Sources */,
				1D908F742CDEBAA2005BC3CA /* Frameworks */,
				1D908F752CDEBAA2005BC3CA /* Resources */,
			);
			buildRules = (
			);
			dependencies = (
				1D908F792CDEBAA2005BC3CA /* PBXTargetDependency */,
			);
			name = LobsterLandUITests;
			productName = LobsterLandUITests;
			productReference = 1D908F772CDEBAA2005BC3CA /* LobsterLandUITests.xctest */;
			productType = "com.apple.product-type.bundle.ui-testing";
		};
/* End PBXNativeTarget section */

/* Begin PBXProject section */
		1D908F552CDEBAA1005BC3CA /* Project object */ = {
			isa = PBXProject;
			attributes = {
				BuildIndependentTargetsInParallel = 1;
				LastSwiftUpdateCheck = 1540;
				LastUpgradeCheck = 1540;
				TargetAttributes = {
					1D908F5C2CDEBAA1005BC3CA = {
						CreatedOnToolsVersion = 15.4;
					};
					1D908F6C2CDEBAA2005BC3CA = {
						CreatedOnToolsVersion = 15.4;
						TestTargetID = 1D908F5C2CDEBAA1005BC3CA;
					};
					1D908F762CDEBAA2005BC3CA = {
						CreatedOnToolsVersion = 15.4;
						TestTargetID = 1D908F5C2CDEBAA1005BC3CA;
					};
				};
			};
			buildConfigurationList = 1D908F582CDEBAA1005BC3CA /* Build configuration list for PBXProject "LobsterLand" */;
			compatibilityVersion = "Xcode 14.0";
			developmentRegion = en;
			hasScannedForEncodings = 0;
			knownRegions = (
				en,
				Base,
			);
			mainGroup = 1D908F542CDEBAA1005BC3CA;
			packageReferences = (
				1D8FF9212CEE69A20072DB3D /* XCRemoteSwiftPackageReference "arcgis-maps-sdk-swift" */,
			);
			productRefGroup = 1D908F5E2CDEBAA1005BC3CA /* Products */;
			projectDirPath = "";
			projectRoot = "";
			targets = (
				1D908F5C2CDEBAA1005BC3CA /* LobsterLand */,
				1D908F6C2CDEBAA2005BC3CA /* LobsterLandTests */,
				1D908F762CDEBAA2005BC3CA /* LobsterLandUITests */,
			);
		};
/* End PBXProject section */

/* Begin PBXResourcesBuildPhase section */
		1D908F5B2CDEBAA1005BC3CA /* Resources */ = {
			isa = PBXResourcesBuildPhase;
			buildActionMask = 2147483647;
			files = (
				1D908F682CDEBAA2005BC3CA /* Preview Assets.xcassets in Resources */,
				1D908F652CDEBAA2005BC3CA /* Assets.xcassets in Resources */,
			);
			runOnlyForDeploymentPostprocessing = 0;
		};
		1D908F6B2CDEBAA2005BC3CA /* Resources */ = {
			isa = PBXResourcesBuildPhase;
			buildActionMask = 2147483647;
			files = (
			);
			runOnlyForDeploymentPostprocessing = 0;
		};
		1D908F752CDEBAA2005BC3CA /* Resources */ = {
			isa = PBXResourcesBuildPhase;
			buildActionMask = 2147483647;
			files = (
			);
			runOnlyForDeploymentPostprocessing = 0;
		};
/* End PBXResourcesBuildPhase section */

/* Begin PBXSourcesBuildPhase section */
		1D908F592CDEBAA1005BC3CA /* Sources */ = {
			isa = PBXSourcesBuildPhase;
			buildActionMask = 2147483647;
			files = (
				1D908F8F2CE3ABB9005BC3CA /* ExploreMaineView.swift in Sources */,
				1D8FF9252CEE7FF40072DB3D /* NetworkHandler.swift in Sources */,
				1D908F9E2CEC1697005BC3CA /* Justify.swift in Sources */,
				1D908FAD2CED1166005BC3CA /* ExplorerMapView.swift in Sources */,
				1D908FA22CEC19F6005BC3CA /* ExploreMaineViewModel.swift in Sources */,
				1D908FA42CEC1A2D005BC3CA /* ExplorerRowViewModel.swift in Sources */,
				1D908FAB2CEC4FDB005BC3CA /* MapStorageService.swift in Sources */,
				1D908F9A2CEAAEF8005BC3CA /* ExplorerRowView.swift in Sources */,
				1D908FA72CEC2045005BC3CA /* MaineExplorerRowViewModel.swift in Sources */,
				1D908F612CDEBAA1005BC3CA /* MainApp.swift in Sources */,
				1D908FA92CEC231F005BC3CA /* ExplorerViewModelable.swift in Sources */,
			);
			runOnlyForDeploymentPostprocessing = 0;
		};
		1D908F692CDEBAA2005BC3CA /* Sources */ = {
			isa = PBXSourcesBuildPhase;
			buildActionMask = 2147483647;
			files = (
				1D908F722CDEBAA2005BC3CA /* LobsterLandTests.swift in Sources */,
			);
			runOnlyForDeploymentPostprocessing = 0;
		};
		1D908F732CDEBAA2005BC3CA /* Sources */ = {
			isa = PBXSourcesBuildPhase;
			buildActionMask = 2147483647;
			files = (
				1D908F7C2CDEBAA2005BC3CA /* LobsterLandUITests.swift in Sources */,
				1D908F7E2CDEBAA2005BC3CA /* LobsterLandUITestsLaunchTests.swift in Sources */,
			);
			runOnlyForDeploymentPostprocessing = 0;
		};
/* End PBXSourcesBuildPhase section */

/* Begin PBXTargetDependency section */
		1D908F6F2CDEBAA2005BC3CA /* PBXTargetDependency */ = {
			isa = PBXTargetDependency;
			target = 1D908F5C2CDEBAA1005BC3CA /* LobsterLand */;
			targetProxy = 1D908F6E2CDEBAA2005BC3CA /* PBXContainerItemProxy */;
		};
		1D908F792CDEBAA2005BC3CA /* PBXTargetDependency */ = {
			isa = PBXTargetDependency;
			target = 1D908F5C2CDEBAA1005BC3CA /* LobsterLand */;
			targetProxy = 1D908F782CDEBAA2005BC3CA /* PBXContainerItemProxy */;
		};
/* End PBXTargetDependency section */

/* Begin XCBuildConfiguration section */
		1D908F7F2CDEBAA2005BC3CA /* Debug */ = {
			isa = XCBuildConfiguration;
			buildSettings = {
				ALWAYS_SEARCH_USER_PATHS = NO;
				ASSETCATALOG_COMPILER_GENERATE_SWIFT_ASSET_SYMBOL_EXTENSIONS = YES;
				CLANG_ANALYZER_NONNULL = YES;
				CLANG_ANALYZER_NUMBER_OBJECT_CONVERSION = YES_AGGRESSIVE;
				CLANG_CXX_LANGUAGE_STANDARD = "gnu++20";
				CLANG_ENABLE_MODULES = YES;
				CLANG_ENABLE_OBJC_ARC = YES;
				CLANG_ENABLE_OBJC_WEAK = YES;
				CLANG_WARN_BLOCK_CAPTURE_AUTORELEASING = YES;
				CLANG_WARN_BOOL_CONVERSION = YES;
				CLANG_WARN_COMMA = YES;
				CLANG_WARN_CONSTANT_CONVERSION = YES;
				CLANG_WARN_DEPRECATED_OBJC_IMPLEMENTATIONS = YES;
				CLANG_WARN_DIRECT_OBJC_ISA_USAGE = YES_ERROR;
				CLANG_WARN_DOCUMENTATION_COMMENTS = YES;
				CLANG_WARN_EMPTY_BODY = YES;
				CLANG_WARN_ENUM_CONVERSION = YES;
				CLANG_WARN_INFINITE_RECURSION = YES;
				CLANG_WARN_INT_CONVERSION = YES;
				CLANG_WARN_NON_LITERAL_NULL_CONVERSION = YES;
				CLANG_WARN_OBJC_IMPLICIT_RETAIN_SELF = YES;
				CLANG_WARN_OBJC_LITERAL_CONVERSION = YES;
				CLANG_WARN_OBJC_ROOT_CLASS = YES_ERROR;
				CLANG_WARN_QUOTED_INCLUDE_IN_FRAMEWORK_HEADER = YES;
				CLANG_WARN_RANGE_LOOP_ANALYSIS = YES;
				CLANG_WARN_STRICT_PROTOTYPES = YES;
				CLANG_WARN_SUSPICIOUS_MOVE = YES;
				CLANG_WARN_UNGUARDED_AVAILABILITY = YES_AGGRESSIVE;
				CLANG_WARN_UNREACHABLE_CODE = YES;
				CLANG_WARN__DUPLICATE_METHOD_MATCH = YES;
				COPY_PHASE_STRIP = NO;
				DEBUG_INFORMATION_FORMAT = dwarf;
				ENABLE_STRICT_OBJC_MSGSEND = YES;
				ENABLE_TESTABILITY = YES;
				ENABLE_USER_SCRIPT_SANDBOXING = YES;
				GCC_C_LANGUAGE_STANDARD = gnu17;
				GCC_DYNAMIC_NO_PIC = NO;
				GCC_NO_COMMON_BLOCKS = YES;
				GCC_OPTIMIZATION_LEVEL = 0;
				GCC_PREPROCESSOR_DEFINITIONS = (
					"DEBUG=1",
					"$(inherited)",
				);
				GCC_WARN_64_TO_32_BIT_CONVERSION = YES;
				GCC_WARN_ABOUT_RETURN_TYPE = YES_ERROR;
				GCC_WARN_UNDECLARED_SELECTOR = YES;
				GCC_WARN_UNINITIALIZED_AUTOS = YES_AGGRESSIVE;
				GCC_WARN_UNUSED_FUNCTION = YES;
				GCC_WARN_UNUSED_VARIABLE = YES;
				IPHONEOS_DEPLOYMENT_TARGET = 17.5;
				LOCALIZATION_PREFERS_STRING_CATALOGS = YES;
				MTL_ENABLE_DEBUG_INFO = INCLUDE_SOURCE;
				MTL_FAST_MATH = YES;
				ONLY_ACTIVE_ARCH = YES;
				SDKROOT = iphoneos;
				SWIFT_ACTIVE_COMPILATION_CONDITIONS = "DEBUG $(inherited)";
				SWIFT_OPTIMIZATION_LEVEL = "-Onone";
			};
			name = Debug;
		};
		1D908F802CDEBAA2005BC3CA /* Release */ = {
			isa = XCBuildConfiguration;
			buildSettings = {
				ALWAYS_SEARCH_USER_PATHS = NO;
				ASSETCATALOG_COMPILER_GENERATE_SWIFT_ASSET_SYMBOL_EXTENSIONS = YES;
				CLANG_ANALYZER_NONNULL = YES;
				CLANG_ANALYZER_NUMBER_OBJECT_CONVERSION = YES_AGGRESSIVE;
				CLANG_CXX_LANGUAGE_STANDARD = "gnu++20";
				CLANG_ENABLE_MODULES = YES;
				CLANG_ENABLE_OBJC_ARC = YES;
				CLANG_ENABLE_OBJC_WEAK = YES;
				CLANG_WARN_BLOCK_CAPTURE_AUTORELEASING = YES;
				CLANG_WARN_BOOL_CONVERSION = YES;
				CLANG_WARN_COMMA = YES;
				CLANG_WARN_CONSTANT_CONVERSION = YES;
				CLANG_WARN_DEPRECATED_OBJC_IMPLEMENTATIONS = YES;
				CLANG_WARN_DIRECT_OBJC_ISA_USAGE = YES_ERROR;
				CLANG_WARN_DOCUMENTATION_COMMENTS = YES;
				CLANG_WARN_EMPTY_BODY = YES;
				CLANG_WARN_ENUM_CONVERSION = YES;
				CLANG_WARN_INFINITE_RECURSION = YES;
				CLANG_WARN_INT_CONVERSION = YES;
				CLANG_WARN_NON_LITERAL_NULL_CONVERSION = YES;
				CLANG_WARN_OBJC_IMPLICIT_RETAIN_SELF = YES;
				CLANG_WARN_OBJC_LITERAL_CONVERSION = YES;
				CLANG_WARN_OBJC_ROOT_CLASS = YES_ERROR;
				CLANG_WARN_QUOTED_INCLUDE_IN_FRAMEWORK_HEADER = YES;
				CLANG_WARN_RANGE_LOOP_ANALYSIS = YES;
				CLANG_WARN_STRICT_PROTOTYPES = YES;
				CLANG_WARN_SUSPICIOUS_MOVE = YES;
				CLANG_WARN_UNGUARDED_AVAILABILITY = YES_AGGRESSIVE;
				CLANG_WARN_UNREACHABLE_CODE = YES;
				CLANG_WARN__DUPLICATE_METHOD_MATCH = YES;
				COPY_PHASE_STRIP = NO;
				DEBUG_INFORMATION_FORMAT = "dwarf-with-dsym";
				ENABLE_NS_ASSERTIONS = NO;
				ENABLE_STRICT_OBJC_MSGSEND = YES;
				ENABLE_USER_SCRIPT_SANDBOXING = YES;
				GCC_C_LANGUAGE_STANDARD = gnu17;
				GCC_NO_COMMON_BLOCKS = YES;
				GCC_WARN_64_TO_32_BIT_CONVERSION = YES;
				GCC_WARN_ABOUT_RETURN_TYPE = YES_ERROR;
				GCC_WARN_UNDECLARED_SELECTOR = YES;
				GCC_WARN_UNINITIALIZED_AUTOS = YES_AGGRESSIVE;
				GCC_WARN_UNUSED_FUNCTION = YES;
				GCC_WARN_UNUSED_VARIABLE = YES;
				IPHONEOS_DEPLOYMENT_TARGET = 17.5;
				LOCALIZATION_PREFERS_STRING_CATALOGS = YES;
				MTL_ENABLE_DEBUG_INFO = NO;
				MTL_FAST_MATH = YES;
				SDKROOT = iphoneos;
				SWIFT_COMPILATION_MODE = wholemodule;
				VALIDATE_PRODUCT = YES;
			};
			name = Release;
		};
		1D908F822CDEBAA2005BC3CA /* Debug */ = {
			isa = XCBuildConfiguration;
			buildSettings = {
				ASSETCATALOG_COMPILER_APPICON_NAME = AppIcon;
				ASSETCATALOG_COMPILER_GLOBAL_ACCENT_COLOR_NAME = AccentColor;
				CODE_SIGN_STYLE = Automatic;
				CURRENT_PROJECT_VERSION = 1;
				DEVELOPMENT_ASSET_PATHS = "\"LobsterLand/Preview Content\"";
				DEVELOPMENT_TEAM = HR2X7J3B85;
				ENABLE_PREVIEWS = YES;
				GENERATE_INFOPLIST_FILE = YES;
				INFOPLIST_KEY_UIApplicationSceneManifest_Generation = YES;
				INFOPLIST_KEY_UIApplicationSupportsIndirectInputEvents = YES;
				INFOPLIST_KEY_UILaunchScreen_Generation = YES;
				INFOPLIST_KEY_UISupportedInterfaceOrientations_iPad = "UIInterfaceOrientationPortrait UIInterfaceOrientationPortraitUpsideDown UIInterfaceOrientationLandscapeLeft UIInterfaceOrientationLandscapeRight";
				INFOPLIST_KEY_UISupportedInterfaceOrientations_iPhone = "UIInterfaceOrientationPortrait UIInterfaceOrientationLandscapeLeft UIInterfaceOrientationLandscapeRight";
				IPHONEOS_DEPLOYMENT_TARGET = 17.5;
				LD_RUNPATH_SEARCH_PATHS = (
					"$(inherited)",
					"@executable_path/Frameworks",
				);
				MARKETING_VERSION = 1.0;
				PRODUCT_BUNDLE_IDENTIFIER = io.mkdir.LobsterLand;
				PRODUCT_NAME = "$(TARGET_NAME)";
				SWIFT_EMIT_LOC_STRINGS = YES;
				SWIFT_VERSION = 5.0;
				TARGETED_DEVICE_FAMILY = "1,2";
			};
			name = Debug;
		};
		1D908F832CDEBAA2005BC3CA /* Release */ = {
			isa = XCBuildConfiguration;
			buildSettings = {
				ASSETCATALOG_COMPILER_APPICON_NAME = AppIcon;
				ASSETCATALOG_COMPILER_GLOBAL_ACCENT_COLOR_NAME = AccentColor;
				CODE_SIGN_STYLE = Automatic;
				CURRENT_PROJECT_VERSION = 1;
				DEVELOPMENT_ASSET_PATHS = "\"LobsterLand/Preview Content\"";
				DEVELOPMENT_TEAM = HR2X7J3B85;
				ENABLE_PREVIEWS = YES;
				GENERATE_INFOPLIST_FILE = YES;
				INFOPLIST_KEY_UIApplicationSceneManifest_Generation = YES;
				INFOPLIST_KEY_UIApplicationSupportsIndirectInputEvents = YES;
				INFOPLIST_KEY_UILaunchScreen_Generation = YES;
				INFOPLIST_KEY_UISupportedInterfaceOrientations_iPad = "UIInterfaceOrientationPortrait UIInterfaceOrientationPortraitUpsideDown UIInterfaceOrientationLandscapeLeft UIInterfaceOrientationLandscapeRight";
				INFOPLIST_KEY_UISupportedInterfaceOrientations_iPhone = "UIInterfaceOrientationPortrait UIInterfaceOrientationLandscapeLeft UIInterfaceOrientationLandscapeRight";
				IPHONEOS_DEPLOYMENT_TARGET = 17.5;
				LD_RUNPATH_SEARCH_PATHS = (
					"$(inherited)",
					"@executable_path/Frameworks",
				);
				MARKETING_VERSION = 1.0;
				PRODUCT_BUNDLE_IDENTIFIER = io.mkdir.LobsterLand;
				PRODUCT_NAME = "$(TARGET_NAME)";
				SWIFT_EMIT_LOC_STRINGS = YES;
				SWIFT_VERSION = 5.0;
				TARGETED_DEVICE_FAMILY = "1,2";
			};
			name = Release;
		};
		1D908F852CDEBAA2005BC3CA /* Debug */ = {
			isa = XCBuildConfiguration;
			buildSettings = {
				ALWAYS_EMBED_SWIFT_STANDARD_LIBRARIES = YES;
				BUNDLE_LOADER = "$(TEST_HOST)";
				CODE_SIGN_STYLE = Automatic;
				CURRENT_PROJECT_VERSION = 1;
				DEVELOPMENT_TEAM = HR2X7J3B85;
				GENERATE_INFOPLIST_FILE = YES;
				IPHONEOS_DEPLOYMENT_TARGET = 17.5;
				MARKETING_VERSION = 1.0;
				PRODUCT_BUNDLE_IDENTIFIER = io.mkdir.LobsterLandTests;
				PRODUCT_NAME = "$(TARGET_NAME)";
				SWIFT_EMIT_LOC_STRINGS = NO;
				SWIFT_VERSION = 5.0;
				TARGETED_DEVICE_FAMILY = "1,2";
				TEST_HOST = "$(BUILT_PRODUCTS_DIR)/LobsterLand.app/$(BUNDLE_EXECUTABLE_FOLDER_PATH)/LobsterLand";
			};
			name = Debug;
		};
		1D908F862CDEBAA2005BC3CA /* Release */ = {
			isa = XCBuildConfiguration;
			buildSettings = {
				ALWAYS_EMBED_SWIFT_STANDARD_LIBRARIES = YES;
				BUNDLE_LOADER = "$(TEST_HOST)";
				CODE_SIGN_STYLE = Automatic;
				CURRENT_PROJECT_VERSION = 1;
				DEVELOPMENT_TEAM = HR2X7J3B85;
				GENERATE_INFOPLIST_FILE = YES;
				IPHONEOS_DEPLOYMENT_TARGET = 17.5;
				MARKETING_VERSION = 1.0;
				PRODUCT_BUNDLE_IDENTIFIER = io.mkdir.LobsterLandTests;
				PRODUCT_NAME = "$(TARGET_NAME)";
				SWIFT_EMIT_LOC_STRINGS = NO;
				SWIFT_VERSION = 5.0;
				TARGETED_DEVICE_FAMILY = "1,2";
				TEST_HOST = "$(BUILT_PRODUCTS_DIR)/LobsterLand.app/$(BUNDLE_EXECUTABLE_FOLDER_PATH)/LobsterLand";
			};
			name = Release;
		};
		1D908F882CDEBAA2005BC3CA /* Debug */ = {
			isa = XCBuildConfiguration;
			buildSettings = {
				ALWAYS_EMBED_SWIFT_STANDARD_LIBRARIES = YES;
				CODE_SIGN_STYLE = Automatic;
				CURRENT_PROJECT_VERSION = 1;
				DEVELOPMENT_TEAM = HR2X7J3B85;
				GENERATE_INFOPLIST_FILE = YES;
				MARKETING_VERSION = 1.0;
				PRODUCT_BUNDLE_IDENTIFIER = io.mkdir.LobsterLandUITests;
				PRODUCT_NAME = "$(TARGET_NAME)";
				SWIFT_EMIT_LOC_STRINGS = NO;
				SWIFT_VERSION = 5.0;
				TARGETED_DEVICE_FAMILY = "1,2";
				TEST_TARGET_NAME = LobsterLand;
			};
			name = Debug;
		};
		1D908F892CDEBAA2005BC3CA /* Release */ = {
			isa = XCBuildConfiguration;
			buildSettings = {
				ALWAYS_EMBED_SWIFT_STANDARD_LIBRARIES = YES;
				CODE_SIGN_STYLE = Automatic;
				CURRENT_PROJECT_VERSION = 1;
				DEVELOPMENT_TEAM = HR2X7J3B85;
				GENERATE_INFOPLIST_FILE = YES;
				MARKETING_VERSION = 1.0;
				PRODUCT_BUNDLE_IDENTIFIER = io.mkdir.LobsterLandUITests;
				PRODUCT_NAME = "$(TARGET_NAME)";
				SWIFT_EMIT_LOC_STRINGS = NO;
				SWIFT_VERSION = 5.0;
				TARGETED_DEVICE_FAMILY = "1,2";
				TEST_TARGET_NAME = LobsterLand;
			};
			name = Release;
		};
/* End XCBuildConfiguration section */

/* Begin XCConfigurationList section */
		1D908F582CDEBAA1005BC3CA /* Build configuration list for PBXProject "LobsterLand" */ = {
			isa = XCConfigurationList;
			buildConfigurations = (
				1D908F7F2CDEBAA2005BC3CA /* Debug */,
				1D908F802CDEBAA2005BC3CA /* Release */,
			);
			defaultConfigurationIsVisible = 0;
			defaultConfigurationName = Release;
		};
		1D908F812CDEBAA2005BC3CA /* Build configuration list for PBXNativeTarget "LobsterLand" */ = {
			isa = XCConfigurationList;
			buildConfigurations = (
				1D908F822CDEBAA2005BC3CA /* Debug */,
				1D908F832CDEBAA2005BC3CA /* Release */,
			);
			defaultConfigurationIsVisible = 0;
			defaultConfigurationName = Release;
		};
		1D908F842CDEBAA2005BC3CA /* Build configuration list for PBXNativeTarget "LobsterLandTests" */ = {
			isa = XCConfigurationList;
			buildConfigurations = (
				1D908F852CDEBAA2005BC3CA /* Debug */,
				1D908F862CDEBAA2005BC3CA /* Release */,
			);
			defaultConfigurationIsVisible = 0;
			defaultConfigurationName = Release;
		};
		1D908F872CDEBAA2005BC3CA /* Build configuration list for PBXNativeTarget "LobsterLandUITests" */ = {
			isa = XCConfigurationList;
			buildConfigurations = (
				1D908F882CDEBAA2005BC3CA /* Debug */,
				1D908F892CDEBAA2005BC3CA /* Release */,
			);
			defaultConfigurationIsVisible = 0;
			defaultConfigurationName = Release;
		};
/* End XCConfigurationList section */

/* Begin XCRemoteSwiftPackageReference section */
		1D8FF9212CEE69A20072DB3D /* XCRemoteSwiftPackageReference "arcgis-maps-sdk-swift" */ = {
			isa = XCRemoteSwiftPackageReference;
			repositoryURL = "https://github.com/Esri/arcgis-maps-sdk-swift";
			requirement = {
				kind = upToNextMajorVersion;
				minimumVersion = 200.5.1;
			};
		};
/* End XCRemoteSwiftPackageReference section */

/* Begin XCSwiftPackageProductDependency section */
		1D8FF9222CEE69A20072DB3D /* ArcGIS */ = {
			isa = XCSwiftPackageProductDependency;
			package = 1D8FF9212CEE69A20072DB3D /* XCRemoteSwiftPackageReference "arcgis-maps-sdk-swift" */;
			productName = ArcGIS;
		};
/* End XCSwiftPackageProductDependency section */
	};
	rootObject = 1D908F552CDEBAA1005BC3CA /* Project object */;
}
